
Microsoft Visual Studio Solution File, Format Version 12.00
# Visual Studio 14
VisualStudioVersion = 14.0.25420.1
MinimumVisualStudioVersion = 10.0.40219.1
Project("{FAE04EC0-301F-11D3-BF4B-00C04F79EFBC}") = "ChinhTLDKBG", "ChinhTLDKBG\ChinhTLDKBG.csproj", "{936F3124-101B-4A5B-9A05-9659A4E73712}"
EndProject
Project("{FAE04EC0-301F-11D3-BF4B-00C04F79EFBC}") = "TienIchBG", "TienIchBG\TienIchBG.csproj", "{1913761C-DE2D-4CE4-B81C-9642960A0A0B}"
EndProject
Project("{FAE04EC0-301F-11D3-BF4B-00C04F79EFBC}") = "XuLyBG", "XuLyBG\XuLyBG.csproj", "{DD8A5E39-100F-473D-A08D-F973823CD646}"
EndProject
Project("{FAE04EC0-301F-11D3-BF4B-00C04F79EFBC}") = "XuLyBGDS", "XuLyBGDS\XuLyBGDS.csproj", "{28918CA3-3EB9-4B2C-8593-0532B37744F2}"
EndProject
Project("{FAE04EC0-301F-11D3-BF4B-00C04F79EFBC}") = "TaoMaNL", "TaoMaNL\TaoMaNL.csproj", "{010DF6A8-E127-4543-BC1C-2DAD22393BC0}"
EndProject
Project("{FAE04EC0-301F-11D3-BF4B-00C04F79EFBC}") = "KTraDH", "KTraDH\KTraDH.csproj", "{595F6BAD-0A5F-46B2-8A39-CD54605038C5}"
EndProject
Project("{FAE04EC0-301F-11D3-BF4B-00C04F79EFBC}") = "TaoSoLSX", "TaoSoLSX\TaoSoLSX.csproj", "{CB7D16F0-9306-4718-A8D1-D682C40639F1}"
EndProject
Project("{FAE04EC0-301F-11D3-BF4B-00C04F79EFBC}") = "LayLSX", "LayLSX\LayLSX.csproj", "{55046E9A-9A2D-44B8-AA39-2B3C19655425}"
EndProject
Project("{FAE04EC0-301F-11D3-BF4B-00C04F79EFBC}") = "LayDH", "LayDH\LayDH.csproj", "{6DA209A3-62A9-454D-8C8F-5B346DBBAB85}"
EndProject
Project("{FAE04EC0-301F-11D3-BF4B-00C04F79EFBC}") = "TaoMaHH", "TaoMaHH\TaoMaHH.csproj", "{24B0D855-7C75-4AF1-9BF8-5D2BADFECEE9}"
EndProject
Project("{FAE04EC0-301F-11D3-BF4B-00C04F79EFBC}") = "LayDH2", "LayDH2\LayDH2.csproj", "{9384D2FB-25FE-48B4-8523-6A54B638B794}"
EndProject
Project("{FAE04EC0-301F-11D3-BF4B-00C04F79EFBC}") = "CheckXK", "CheckXK\CheckXK.csproj", "{2D8B1982-3059-4949-93A0-B38AF372D3FA}"
EndProject
Project("{FAE04EC0-301F-11D3-BF4B-00C04F79EFBC}") = "KTraXuatAm", "KTraXuatAm\KTraXuatAm.csproj", "{D48499AA-03FC-4AD4-A3F9-F25F8775FDA1}"
EndProject
Project("{FAE04EC0-301F-11D3-BF4B-00C04F79EFBC}") = "LayNL", "LayNL\LayNL.csproj", "{A5C813FD-E103-4D3A-B115-9ECBD0DAD674}"
EndProject
Project("{FAE04EC0-301F-11D3-BF4B-00C04F79EFBC}") = "LayDHNL", "LayDHNL\LayDHNL.csproj", "{92B069C4-26E3-4D7B-BAF2-419023A74F22}"
EndProject
Project("{FAE04EC0-301F-11D3-BF4B-00C04F79EFBC}") = "LayPN", "LayPN\LayPN.csproj", "{8E389FDC-DA7B-4046-8B9E-7E0912794CE4}"
EndProject
Project("{FAE04EC0-301F-11D3-BF4B-00C04F79EFBC}") = "KTraXANL", "KTraXANL\KTraXANL.csproj", "{7BEF1267-BC29-4E1F-A031-B40E7CB3AB60}"
EndProject
Project("{FAE04EC0-301F-11D3-BF4B-00C04F79EFBC}") = "LayPBH", "LayPBH\LayPBH.csproj", "{FCC1CE3F-F530-439F-A07D-30008E6B52B1}"
EndProject
Project("{FAE04EC0-301F-11D3-BF4B-00C04F79EFBC}") = "LayCNKH", "LayCNKH\LayCNKH.csproj", "{770164E6-CE2F-41CC-8363-4B9241E3729D}"
EndProject
Project("{FAE04EC0-301F-11D3-BF4B-00C04F79EFBC}") = "LayCNNCC", "LayCNNCC\LayCNNCC.csproj", "{A456F500-FB37-4717-86EF-994C4C82F134}"
EndProject
Project("{FAE04EC0-301F-11D3-BF4B-00C04F79EFBC}") = "LayPBH2", "LayPBH2\LayPBH2.csproj", "{3737D4DB-0667-4C41-8FE4-D174AE0EB990}"
EndProject
Project("{FAE04EC0-301F-11D3-BF4B-00C04F79EFBC}") = "TaoKetCau", "TaoKetCau\TaoKetCau.csproj", "{6D477990-A96A-4719-B1BF-A46C3E284D32}"
EndProject
Project("{FAE04EC0-301F-11D3-BF4B-00C04F79EFBC}") = "TaoSoCT", "TaoSoCT\TaoSoCT.csproj", "{70675401-AEB2-442B-B7C5-52B76ADC0AC4}"
EndProject
Project("{FAE04EC0-301F-11D3-BF4B-00C04F79EFBC}") = "TaoSoDHNL", "TaoSoDHNL\TaoSoDHNL.csproj", "{82727044-39C9-4995-97E5-FD139D18DEAA}"
EndProject
Project("{FAE04EC0-301F-11D3-BF4B-00C04F79EFBC}") = "DCKho", "DCKho\DCKho.csproj", "{F3C0CBA8-3578-4488-9C2A-8B3DEBE6D136}"
EndProject
Project("{FAE04EC0-301F-11D3-BF4B-00C04F79EFBC}") = "LayPNM", "LayPNM\LayPNM.csproj", "{2CFAA8B0-FB04-40B3-B4BE-E7CA1B4533B4}"
EndProject
Project("{FAE04EC0-301F-11D3-BF4B-00C04F79EFBC}") = "DaSX", "DaSX\DaSX.csproj", "{D6A392AB-559E-4D7F-9C17-0A8FFD6410A3}"
EndProject
Project("{FAE04EC0-301F-11D3-BF4B-00C04F79EFBC}") = "CDT", "CDT\CDT.csproj", "{A48C0424-B640-40F9-9F72-9D96667B6160}"
EndProject
Project("{FAE04EC0-301F-11D3-BF4B-00C04F79EFBC}") = "LayDH3", "LayDH3\LayDH3.csproj", "{4A0832EC-941B-43DF-9C2A-40A78D961D51}"
EndProject
Project("{FAE04EC0-301F-11D3-BF4B-00C04F79EFBC}") = "XuLyTSCD", "XuLyTSCD\XuLyTSCD.csproj", "{AA1CCB85-73E2-45C1-A8A0-22CE9476708B}"
EndProject
Project("{FAE04EC0-301F-11D3-BF4B-00C04F79EFBC}") = "TapHopCP", "TapHopCP\TapHopCP.csproj", "{BEDA5D31-604D-4BC5-804E-DDCF5F6634C7}"
EndProject
Project("{FAE04EC0-301F-11D3-BF4B-00C04F79EFBC}") = "DuyetCP", "DuyetCP\DuyetCP.csproj", "{0D4C7FFF-71BB-45F6-95E2-C7AD4B70702C}"
EndProject
Project("{FAE04EC0-301F-11D3-BF4B-00C04F79EFBC}") = "KTraCPDaDuyet", "KTraCPDaDuyet\KTraCPDaDuyet.csproj", "{AC77E646-0543-47E0-8622-DDAA6A760FD9}"
EndProject
Project("{FAE04EC0-301F-11D3-BF4B-00C04F79EFBC}") = "XuLyGP", "XuLyGP\XuLyGP.csproj", "{3360C0A9-E6C6-4E85-B431-2199E5CD96D3}"
EndProject
Project("{FAE04EC0-301F-11D3-BF4B-00C04F79EFBC}") = "DieuChinhNhapKho", "DieuChinhNhapKho\DieuChinhNhapKho.csproj", "{BB4E5089-1C4F-4466-8196-DF9AAE56BA98}"
EndProject
Project("{FAE04EC0-301F-11D3-BF4B-00C04F79EFBC}") = "ToMau", "ToMau\ToMau.csproj", "{AF71A80F-AD91-4B39-9EC4-41605F3D8B5E}"
EndProject
Project("{FAE04EC0-301F-11D3-BF4B-00C04F79EFBC}") = "KTXoa", "KTXoa\KTXoa.csproj", "{688034FB-43AD-4733-A4E1-F62EE3343AF8}"
EndProject
Project("{FAE04EC0-301F-11D3-BF4B-00C04F79EFBC}") = "LayLSX2", "LayLSX2\LayLSX2.csproj", "{7292D47B-40CD-4AFB-B7EB-D47571E723B7}"
EndProject
Project("{FAE04EC0-301F-11D3-BF4B-00C04F79EFBC}") = "XuLyBangIn", "XuLyBangIn\XuLyBangIn.csproj", "{80D225E9-4263-4E5E-ABD2-78E08125A562}"
EndProject
Project("{FAE04EC0-301F-11D3-BF4B-00C04F79EFBC}") = "TinhNgayGH", "TinhNgayGH\TinhNgayGH.csproj", "{606E956D-7EEE-42D5-8D98-ED30A8360FE8}"
EndProject
Project("{FAE04EC0-301F-11D3-BF4B-00C04F79EFBC}") = "LaySoBGCopy", "LaySoBGCopy\LaySoBGCopy.csproj", "{6F324861-EDA2-49FB-B127-C41A9776179B}"
EndProject
Project("{FAE04EC0-301F-11D3-BF4B-00C04F79EFBC}") = "XuLyNXTPS", "XuLyNXTPS\XuLyNXTPS.csproj", "{6CD7D8FA-93C3-4BFC-A090-25D171A3A0C8}"
EndProject
Project("{FAE04EC0-301F-11D3-BF4B-00C04F79EFBC}") = "XPhoiLSX", "XPhoiLSX1\XPhoiLSX\XPhoiLSX.csproj", "{FA62774C-6297-432B-932B-6641CE236234}"
EndProject
Project("{FAE04EC0-301F-11D3-BF4B-00C04F79EFBC}") = "KTXuatAmPS", "KTXuatAmPS\KTXuatAmPS.csproj", "{8A9E6C3A-2C32-4F0B-A01D-7C9C63B661A9}"
EndProject
Project("{FAE04EC0-301F-11D3-BF4B-00C04F79EFBC}") = "CheckTrungMaKho", "CheckTrungMaKho\CheckTrungMaKho.csproj", "{5C5B33E6-5982-4320-B27C-BABF27A122B2}"
EndProject
Project("{FAE04EC0-301F-11D3-BF4B-00C04F79EFBC}") = "CaptureHoaDon", "MyWebCam\CaptureHoaDon.csproj", "{60E4326F-4E8D-4852-869E-B106EFA71D5D}"
EndProject
Project("{FAE04EC0-301F-11D3-BF4B-00C04F79EFBC}") = "XemHinhPhieuMH", "XemHinhPhieuMH\XemHinhPhieuMH.csproj", "{70029566-B9DB-4D66-A2EA-D0F559123C6B}"
EndProject
Project("{FAE04EC0-301F-11D3-BF4B-00C04F79EFBC}") = "KTraPNNL", "KTraPNNL\KTraPNNL.csproj", "{EA38C5EC-7B6E-4028-AB09-62F1C58549A4}"
EndProject
Project("{FAE04EC0-301F-11D3-BF4B-00C04F79EFBC}") = "XulyGiaPBHMi", "XulyGiaPBHMi\XulyGiaPBHMi.csproj", "{84295839-7A24-4DF9-97A8-85A7EAF430C5}"
EndProject
Project("{FAE04EC0-301F-11D3-BF4B-00C04F79EFBC}") = "ChonPDNMH", "ChonPDNMH\ChonPDNMH.csproj", "{6503D8C2-3593-4BF8-8B60-B294E480CB46}"
EndProject
Project("{FAE04EC0-301F-11D3-BF4B-00C04F79EFBC}") = "KTraSLPMH", "KTraSLPMH\KTraSLPMH.csproj", "{3C656C1A-6B2C-465C-919F-6BA53CCBAA8E}"
EndProject
Project("{FAE04EC0-301F-11D3-BF4B-00C04F79EFBC}") = "ChonPMH", "ChonPMH\ChonPMH.csproj", "{A909323C-7B2F-4F8E-9F21-EFE9E9B19EE0}"
EndProject
Project("{FAE04EC0-301F-11D3-BF4B-00C04F79EFBC}") = "ExportXuatKho", "ExportXuatKho\ExportXuatKho.csproj", "{CECF2785-94B4-49D0-BE13-9167A88A0A6B}"
EndProject
Project("{FAE04EC0-301F-11D3-BF4B-00C04F79EFBC}") = "POSApp", "POSApp\POSApp.csproj", "{C91CC097-CAD6-48D7-9F63-66D326FD3C45}"
EndProject
Global
	GlobalSection(SolutionConfigurationPlatforms) = preSolution
		Debug|Any CPU = Debug|Any CPU
		Release|Any CPU = Release|Any CPU
	EndGlobalSection
	GlobalSection(ProjectConfigurationPlatforms) = postSolution
		{936F3124-101B-4A5B-9A05-9659A4E73712}.Debug|Any CPU.ActiveCfg = Debug|Any CPU
		{936F3124-101B-4A5B-9A05-9659A4E73712}.Debug|Any CPU.Build.0 = Debug|Any CPU
		{936F3124-101B-4A5B-9A05-9659A4E73712}.Release|Any CPU.ActiveCfg = Release|Any CPU
		{936F3124-101B-4A5B-9A05-9659A4E73712}.Release|Any CPU.Build.0 = Release|Any CPU
		{1913761C-DE2D-4CE4-B81C-9642960A0A0B}.Debug|Any CPU.ActiveCfg = Debug|Any CPU
		{1913761C-DE2D-4CE4-B81C-9642960A0A0B}.Debug|Any CPU.Build.0 = Debug|Any CPU
		{1913761C-DE2D-4CE4-B81C-9642960A0A0B}.Release|Any CPU.ActiveCfg = Release|Any CPU
		{1913761C-DE2D-4CE4-B81C-9642960A0A0B}.Release|Any CPU.Build.0 = Release|Any CPU
		{DD8A5E39-100F-473D-A08D-F973823CD646}.Debug|Any CPU.ActiveCfg = Debug|Any CPU
		{DD8A5E39-100F-473D-A08D-F973823CD646}.Debug|Any CPU.Build.0 = Debug|Any CPU
		{DD8A5E39-100F-473D-A08D-F973823CD646}.Release|Any CPU.ActiveCfg = Release|Any CPU
		{DD8A5E39-100F-473D-A08D-F973823CD646}.Release|Any CPU.Build.0 = Release|Any CPU
		{28918CA3-3EB9-4B2C-8593-0532B37744F2}.Debug|Any CPU.ActiveCfg = Debug|Any CPU
		{28918CA3-3EB9-4B2C-8593-0532B37744F2}.Debug|Any CPU.Build.0 = Debug|Any CPU
		{28918CA3-3EB9-4B2C-8593-0532B37744F2}.Release|Any CPU.ActiveCfg = Release|Any CPU
		{28918CA3-3EB9-4B2C-8593-0532B37744F2}.Release|Any CPU.Build.0 = Release|Any CPU
		{010DF6A8-E127-4543-BC1C-2DAD22393BC0}.Debug|Any CPU.ActiveCfg = Debug|Any CPU
		{010DF6A8-E127-4543-BC1C-2DAD22393BC0}.Debug|Any CPU.Build.0 = Debug|Any CPU
		{010DF6A8-E127-4543-BC1C-2DAD22393BC0}.Release|Any CPU.ActiveCfg = Release|Any CPU
		{010DF6A8-E127-4543-BC1C-2DAD22393BC0}.Release|Any CPU.Build.0 = Release|Any CPU
		{595F6BAD-0A5F-46B2-8A39-CD54605038C5}.Debug|Any CPU.ActiveCfg = Debug|Any CPU
		{595F6BAD-0A5F-46B2-8A39-CD54605038C5}.Debug|Any CPU.Build.0 = Debug|Any CPU
		{595F6BAD-0A5F-46B2-8A39-CD54605038C5}.Release|Any CPU.ActiveCfg = Release|Any CPU
		{595F6BAD-0A5F-46B2-8A39-CD54605038C5}.Release|Any CPU.Build.0 = Release|Any CPU
		{CB7D16F0-9306-4718-A8D1-D682C40639F1}.Debug|Any CPU.ActiveCfg = Debug|Any CPU
		{CB7D16F0-9306-4718-A8D1-D682C40639F1}.Debug|Any CPU.Build.0 = Debug|Any CPU
		{CB7D16F0-9306-4718-A8D1-D682C40639F1}.Release|Any CPU.ActiveCfg = Release|Any CPU
		{CB7D16F0-9306-4718-A8D1-D682C40639F1}.Release|Any CPU.Build.0 = Release|Any CPU
		{55046E9A-9A2D-44B8-AA39-2B3C19655425}.Debug|Any CPU.ActiveCfg = Debug|Any CPU
		{55046E9A-9A2D-44B8-AA39-2B3C19655425}.Debug|Any CPU.Build.0 = Debug|Any CPU
		{55046E9A-9A2D-44B8-AA39-2B3C19655425}.Release|Any CPU.ActiveCfg = Release|Any CPU
		{55046E9A-9A2D-44B8-AA39-2B3C19655425}.Release|Any CPU.Build.0 = Release|Any CPU
		{6DA209A3-62A9-454D-8C8F-5B346DBBAB85}.Debug|Any CPU.ActiveCfg = Debug|Any CPU
		{6DA209A3-62A9-454D-8C8F-5B346DBBAB85}.Debug|Any CPU.Build.0 = Debug|Any CPU
		{6DA209A3-62A9-454D-8C8F-5B346DBBAB85}.Release|Any CPU.ActiveCfg = Release|Any CPU
		{6DA209A3-62A9-454D-8C8F-5B346DBBAB85}.Release|Any CPU.Build.0 = Release|Any CPU
		{24B0D855-7C75-4AF1-9BF8-5D2BADFECEE9}.Debug|Any CPU.ActiveCfg = Debug|Any CPU
		{24B0D855-7C75-4AF1-9BF8-5D2BADFECEE9}.Debug|Any CPU.Build.0 = Debug|Any CPU
		{24B0D855-7C75-4AF1-9BF8-5D2BADFECEE9}.Release|Any CPU.ActiveCfg = Release|Any CPU
		{24B0D855-7C75-4AF1-9BF8-5D2BADFECEE9}.Release|Any CPU.Build.0 = Release|Any CPU
		{9384D2FB-25FE-48B4-8523-6A54B638B794}.Debug|Any CPU.ActiveCfg = Debug|Any CPU
		{9384D2FB-25FE-48B4-8523-6A54B638B794}.Debug|Any CPU.Build.0 = Debug|Any CPU
		{9384D2FB-25FE-48B4-8523-6A54B638B794}.Release|Any CPU.ActiveCfg = Release|Any CPU
		{9384D2FB-25FE-48B4-8523-6A54B638B794}.Release|Any CPU.Build.0 = Release|Any CPU
		{2D8B1982-3059-4949-93A0-B38AF372D3FA}.Debug|Any CPU.ActiveCfg = Debug|Any CPU
		{2D8B1982-3059-4949-93A0-B38AF372D3FA}.Debug|Any CPU.Build.0 = Debug|Any CPU
		{2D8B1982-3059-4949-93A0-B38AF372D3FA}.Release|Any CPU.ActiveCfg = Release|Any CPU
		{2D8B1982-3059-4949-93A0-B38AF372D3FA}.Release|Any CPU.Build.0 = Release|Any CPU
		{D48499AA-03FC-4AD4-A3F9-F25F8775FDA1}.Debug|Any CPU.ActiveCfg = Debug|Any CPU
		{D48499AA-03FC-4AD4-A3F9-F25F8775FDA1}.Debug|Any CPU.Build.0 = Debug|Any CPU
		{D48499AA-03FC-4AD4-A3F9-F25F8775FDA1}.Release|Any CPU.ActiveCfg = Release|Any CPU
		{D48499AA-03FC-4AD4-A3F9-F25F8775FDA1}.Release|Any CPU.Build.0 = Release|Any CPU
		{A5C813FD-E103-4D3A-B115-9ECBD0DAD674}.Debug|Any CPU.ActiveCfg = Debug|Any CPU
		{A5C813FD-E103-4D3A-B115-9ECBD0DAD674}.Debug|Any CPU.Build.0 = Debug|Any CPU
		{A5C813FD-E103-4D3A-B115-9ECBD0DAD674}.Release|Any CPU.ActiveCfg = Release|Any CPU
		{A5C813FD-E103-4D3A-B115-9ECBD0DAD674}.Release|Any CPU.Build.0 = Release|Any CPU
		{92B069C4-26E3-4D7B-BAF2-419023A74F22}.Debug|Any CPU.ActiveCfg = Debug|Any CPU
		{92B069C4-26E3-4D7B-BAF2-419023A74F22}.Debug|Any CPU.Build.0 = Debug|Any CPU
		{92B069C4-26E3-4D7B-BAF2-419023A74F22}.Release|Any CPU.ActiveCfg = Release|Any CPU
		{92B069C4-26E3-4D7B-BAF2-419023A74F22}.Release|Any CPU.Build.0 = Release|Any CPU
		{8E389FDC-DA7B-4046-8B9E-7E0912794CE4}.Debug|Any CPU.ActiveCfg = Debug|Any CPU
		{8E389FDC-DA7B-4046-8B9E-7E0912794CE4}.Debug|Any CPU.Build.0 = Debug|Any CPU
		{8E389FDC-DA7B-4046-8B9E-7E0912794CE4}.Release|Any CPU.ActiveCfg = Release|Any CPU
		{8E389FDC-DA7B-4046-8B9E-7E0912794CE4}.Release|Any CPU.Build.0 = Release|Any CPU
		{7BEF1267-BC29-4E1F-A031-B40E7CB3AB60}.Debug|Any CPU.ActiveCfg = Debug|Any CPU
		{7BEF1267-BC29-4E1F-A031-B40E7CB3AB60}.Debug|Any CPU.Build.0 = Debug|Any CPU
		{7BEF1267-BC29-4E1F-A031-B40E7CB3AB60}.Release|Any CPU.ActiveCfg = Release|Any CPU
		{7BEF1267-BC29-4E1F-A031-B40E7CB3AB60}.Release|Any CPU.Build.0 = Release|Any CPU
		{FCC1CE3F-F530-439F-A07D-30008E6B52B1}.Debug|Any CPU.ActiveCfg = Debug|Any CPU
		{FCC1CE3F-F530-439F-A07D-30008E6B52B1}.Debug|Any CPU.Build.0 = Debug|Any CPU
		{FCC1CE3F-F530-439F-A07D-30008E6B52B1}.Release|Any CPU.ActiveCfg = Release|Any CPU
		{FCC1CE3F-F530-439F-A07D-30008E6B52B1}.Release|Any CPU.Build.0 = Release|Any CPU
		{770164E6-CE2F-41CC-8363-4B9241E3729D}.Debug|Any CPU.ActiveCfg = Debug|Any CPU
		{770164E6-CE2F-41CC-8363-4B9241E3729D}.Debug|Any CPU.Build.0 = Debug|Any CPU
		{770164E6-CE2F-41CC-8363-4B9241E3729D}.Release|Any CPU.ActiveCfg = Release|Any CPU
		{770164E6-CE2F-41CC-8363-4B9241E3729D}.Release|Any CPU.Build.0 = Release|Any CPU
		{A456F500-FB37-4717-86EF-994C4C82F134}.Debug|Any CPU.ActiveCfg = Debug|Any CPU
		{A456F500-FB37-4717-86EF-994C4C82F134}.Debug|Any CPU.Build.0 = Debug|Any CPU
		{A456F500-FB37-4717-86EF-994C4C82F134}.Release|Any CPU.ActiveCfg = Release|Any CPU
		{A456F500-FB37-4717-86EF-994C4C82F134}.Release|Any CPU.Build.0 = Release|Any CPU
		{3737D4DB-0667-4C41-8FE4-D174AE0EB990}.Debug|Any CPU.ActiveCfg = Debug|Any CPU
		{3737D4DB-0667-4C41-8FE4-D174AE0EB990}.Debug|Any CPU.Build.0 = Debug|Any CPU
		{3737D4DB-0667-4C41-8FE4-D174AE0EB990}.Release|Any CPU.ActiveCfg = Release|Any CPU
		{3737D4DB-0667-4C41-8FE4-D174AE0EB990}.Release|Any CPU.Build.0 = Release|Any CPU
		{6D477990-A96A-4719-B1BF-A46C3E284D32}.Debug|Any CPU.ActiveCfg = Debug|Any CPU
		{6D477990-A96A-4719-B1BF-A46C3E284D32}.Debug|Any CPU.Build.0 = Debug|Any CPU
		{6D477990-A96A-4719-B1BF-A46C3E284D32}.Release|Any CPU.ActiveCfg = Release|Any CPU
		{6D477990-A96A-4719-B1BF-A46C3E284D32}.Release|Any CPU.Build.0 = Release|Any CPU
		{70675401-AEB2-442B-B7C5-52B76ADC0AC4}.Debug|Any CPU.ActiveCfg = Debug|Any CPU
		{70675401-AEB2-442B-B7C5-52B76ADC0AC4}.Debug|Any CPU.Build.0 = Debug|Any CPU
		{70675401-AEB2-442B-B7C5-52B76ADC0AC4}.Release|Any CPU.ActiveCfg = Release|Any CPU
		{70675401-AEB2-442B-B7C5-52B76ADC0AC4}.Release|Any CPU.Build.0 = Release|Any CPU
		{82727044-39C9-4995-97E5-FD139D18DEAA}.Debug|Any CPU.ActiveCfg = Debug|Any CPU
		{82727044-39C9-4995-97E5-FD139D18DEAA}.Debug|Any CPU.Build.0 = Debug|Any CPU
		{82727044-39C9-4995-97E5-FD139D18DEAA}.Release|Any CPU.ActiveCfg = Release|Any CPU
		{82727044-39C9-4995-97E5-FD139D18DEAA}.Release|Any CPU.Build.0 = Release|Any CPU
		{F3C0CBA8-3578-4488-9C2A-8B3DEBE6D136}.Debug|Any CPU.ActiveCfg = Debug|Any CPU
		{F3C0CBA8-3578-4488-9C2A-8B3DEBE6D136}.Debug|Any CPU.Build.0 = Debug|Any CPU
		{F3C0CBA8-3578-4488-9C2A-8B3DEBE6D136}.Release|Any CPU.ActiveCfg = Release|Any CPU
		{F3C0CBA8-3578-4488-9C2A-8B3DEBE6D136}.Release|Any CPU.Build.0 = Release|Any CPU
		{2CFAA8B0-FB04-40B3-B4BE-E7CA1B4533B4}.Debug|Any CPU.ActiveCfg = Debug|Any CPU
		{2CFAA8B0-FB04-40B3-B4BE-E7CA1B4533B4}.Debug|Any CPU.Build.0 = Debug|Any CPU
		{2CFAA8B0-FB04-40B3-B4BE-E7CA1B4533B4}.Release|Any CPU.ActiveCfg = Release|Any CPU
		{2CFAA8B0-FB04-40B3-B4BE-E7CA1B4533B4}.Release|Any CPU.Build.0 = Release|Any CPU
		{D6A392AB-559E-4D7F-9C17-0A8FFD6410A3}.Debug|Any CPU.ActiveCfg = Debug|Any CPU
		{D6A392AB-559E-4D7F-9C17-0A8FFD6410A3}.Debug|Any CPU.Build.0 = Debug|Any CPU
		{D6A392AB-559E-4D7F-9C17-0A8FFD6410A3}.Release|Any CPU.ActiveCfg = Release|Any CPU
		{D6A392AB-559E-4D7F-9C17-0A8FFD6410A3}.Release|Any CPU.Build.0 = Release|Any CPU
		{A48C0424-B640-40F9-9F72-9D96667B6160}.Debug|Any CPU.ActiveCfg = Debug|Any CPU
		{A48C0424-B640-40F9-9F72-9D96667B6160}.Debug|Any CPU.Build.0 = Debug|Any CPU
		{A48C0424-B640-40F9-9F72-9D96667B6160}.Release|Any CPU.ActiveCfg = Release|Any CPU
		{A48C0424-B640-40F9-9F72-9D96667B6160}.Release|Any CPU.Build.0 = Release|Any CPU
		{4A0832EC-941B-43DF-9C2A-40A78D961D51}.Debug|Any CPU.ActiveCfg = Debug|Any CPU
		{4A0832EC-941B-43DF-9C2A-40A78D961D51}.Debug|Any CPU.Build.0 = Debug|Any CPU
		{4A0832EC-941B-43DF-9C2A-40A78D961D51}.Release|Any CPU.ActiveCfg = Release|Any CPU
		{4A0832EC-941B-43DF-9C2A-40A78D961D51}.Release|Any CPU.Build.0 = Release|Any CPU
		{AA1CCB85-73E2-45C1-A8A0-22CE9476708B}.Debug|Any CPU.ActiveCfg = Debug|Any CPU
		{AA1CCB85-73E2-45C1-A8A0-22CE9476708B}.Debug|Any CPU.Build.0 = Debug|Any CPU
		{AA1CCB85-73E2-45C1-A8A0-22CE9476708B}.Release|Any CPU.ActiveCfg = Release|Any CPU
		{AA1CCB85-73E2-45C1-A8A0-22CE9476708B}.Release|Any CPU.Build.0 = Release|Any CPU
		{BEDA5D31-604D-4BC5-804E-DDCF5F6634C7}.Debug|Any CPU.ActiveCfg = Debug|Any CPU
		{BEDA5D31-604D-4BC5-804E-DDCF5F6634C7}.Debug|Any CPU.Build.0 = Debug|Any CPU
		{BEDA5D31-604D-4BC5-804E-DDCF5F6634C7}.Release|Any CPU.ActiveCfg = Release|Any CPU
		{BEDA5D31-604D-4BC5-804E-DDCF5F6634C7}.Release|Any CPU.Build.0 = Release|Any CPU
		{0D4C7FFF-71BB-45F6-95E2-C7AD4B70702C}.Debug|Any CPU.ActiveCfg = Debug|Any CPU
		{0D4C7FFF-71BB-45F6-95E2-C7AD4B70702C}.Debug|Any CPU.Build.0 = Debug|Any CPU
		{0D4C7FFF-71BB-45F6-95E2-C7AD4B70702C}.Release|Any CPU.ActiveCfg = Release|Any CPU
		{0D4C7FFF-71BB-45F6-95E2-C7AD4B70702C}.Release|Any CPU.Build.0 = Release|Any CPU
		{AC77E646-0543-47E0-8622-DDAA6A760FD9}.Debug|Any CPU.ActiveCfg = Debug|Any CPU
		{AC77E646-0543-47E0-8622-DDAA6A760FD9}.Debug|Any CPU.Build.0 = Debug|Any CPU
		{AC77E646-0543-47E0-8622-DDAA6A760FD9}.Release|Any CPU.ActiveCfg = Release|Any CPU
		{AC77E646-0543-47E0-8622-DDAA6A760FD9}.Release|Any CPU.Build.0 = Release|Any CPU
		{3360C0A9-E6C6-4E85-B431-2199E5CD96D3}.Debug|Any CPU.ActiveCfg = Debug|Any CPU
		{3360C0A9-E6C6-4E85-B431-2199E5CD96D3}.Debug|Any CPU.Build.0 = Debug|Any CPU
		{3360C0A9-E6C6-4E85-B431-2199E5CD96D3}.Release|Any CPU.ActiveCfg = Release|Any CPU
		{3360C0A9-E6C6-4E85-B431-2199E5CD96D3}.Release|Any CPU.Build.0 = Release|Any CPU
		{BB4E5089-1C4F-4466-8196-DF9AAE56BA98}.Debug|Any CPU.ActiveCfg = Debug|Any CPU
		{BB4E5089-1C4F-4466-8196-DF9AAE56BA98}.Debug|Any CPU.Build.0 = Debug|Any CPU
		{BB4E5089-1C4F-4466-8196-DF9AAE56BA98}.Release|Any CPU.ActiveCfg = Release|Any CPU
		{BB4E5089-1C4F-4466-8196-DF9AAE56BA98}.Release|Any CPU.Build.0 = Release|Any CPU
		{AF71A80F-AD91-4B39-9EC4-41605F3D8B5E}.Debug|Any CPU.ActiveCfg = Debug|Any CPU
		{AF71A80F-AD91-4B39-9EC4-41605F3D8B5E}.Debug|Any CPU.Build.0 = Debug|Any CPU
		{AF71A80F-AD91-4B39-9EC4-41605F3D8B5E}.Release|Any CPU.ActiveCfg = Release|Any CPU
		{AF71A80F-AD91-4B39-9EC4-41605F3D8B5E}.Release|Any CPU.Build.0 = Release|Any CPU
		{688034FB-43AD-4733-A4E1-F62EE3343AF8}.Debug|Any CPU.ActiveCfg = Debug|Any CPU
		{688034FB-43AD-4733-A4E1-F62EE3343AF8}.Debug|Any CPU.Build.0 = Debug|Any CPU
		{688034FB-43AD-4733-A4E1-F62EE3343AF8}.Release|Any CPU.ActiveCfg = Release|Any CPU
		{688034FB-43AD-4733-A4E1-F62EE3343AF8}.Release|Any CPU.Build.0 = Release|Any CPU
		{7292D47B-40CD-4AFB-B7EB-D47571E723B7}.Debug|Any CPU.ActiveCfg = Debug|Any CPU
		{7292D47B-40CD-4AFB-B7EB-D47571E723B7}.Debug|Any CPU.Build.0 = Debug|Any CPU
		{7292D47B-40CD-4AFB-B7EB-D47571E723B7}.Release|Any CPU.ActiveCfg = Release|Any CPU
		{7292D47B-40CD-4AFB-B7EB-D47571E723B7}.Release|Any CPU.Build.0 = Release|Any CPU
		{80D225E9-4263-4E5E-ABD2-78E08125A562}.Debug|Any CPU.ActiveCfg = Debug|Any CPU
		{80D225E9-4263-4E5E-ABD2-78E08125A562}.Debug|Any CPU.Build.0 = Debug|Any CPU
		{80D225E9-4263-4E5E-ABD2-78E08125A562}.Release|Any CPU.ActiveCfg = Release|Any CPU
		{80D225E9-4263-4E5E-ABD2-78E08125A562}.Release|Any CPU.Build.0 = Release|Any CPU
		{606E956D-7EEE-42D5-8D98-ED30A8360FE8}.Debug|Any CPU.ActiveCfg = Debug|Any CPU
		{606E956D-7EEE-42D5-8D98-ED30A8360FE8}.Debug|Any CPU.Build.0 = Debug|Any CPU
		{606E956D-7EEE-42D5-8D98-ED30A8360FE8}.Release|Any CPU.ActiveCfg = Release|Any CPU
		{606E956D-7EEE-42D5-8D98-ED30A8360FE8}.Release|Any CPU.Build.0 = Release|Any CPU
		{6F324861-EDA2-49FB-B127-C41A9776179B}.Debug|Any CPU.ActiveCfg = Debug|Any CPU
		{6F324861-EDA2-49FB-B127-C41A9776179B}.Debug|Any CPU.Build.0 = Debug|Any CPU
		{6F324861-EDA2-49FB-B127-C41A9776179B}.Release|Any CPU.ActiveCfg = Release|Any CPU
		{6F324861-EDA2-49FB-B127-C41A9776179B}.Release|Any CPU.Build.0 = Release|Any CPU
		{6CD7D8FA-93C3-4BFC-A090-25D171A3A0C8}.Debug|Any CPU.ActiveCfg = Debug|Any CPU
		{6CD7D8FA-93C3-4BFC-A090-25D171A3A0C8}.Debug|Any CPU.Build.0 = Debug|Any CPU
		{6CD7D8FA-93C3-4BFC-A090-25D171A3A0C8}.Release|Any CPU.ActiveCfg = Release|Any CPU
		{6CD7D8FA-93C3-4BFC-A090-25D171A3A0C8}.Release|Any CPU.Build.0 = Release|Any CPU
		{FA62774C-6297-432B-932B-6641CE236234}.Debug|Any CPU.ActiveCfg = Debug|Any CPU
		{FA62774C-6297-432B-932B-6641CE236234}.Debug|Any CPU.Build.0 = Debug|Any CPU
		{FA62774C-6297-432B-932B-6641CE236234}.Release|Any CPU.ActiveCfg = Release|Any CPU
		{FA62774C-6297-432B-932B-6641CE236234}.Release|Any CPU.Build.0 = Release|Any CPU
		{8A9E6C3A-2C32-4F0B-A01D-7C9C63B661A9}.Debug|Any CPU.ActiveCfg = Debug|Any CPU
		{8A9E6C3A-2C32-4F0B-A01D-7C9C63B661A9}.Debug|Any CPU.Build.0 = Debug|Any CPU
		{8A9E6C3A-2C32-4F0B-A01D-7C9C63B661A9}.Release|Any CPU.ActiveCfg = Release|Any CPU
		{8A9E6C3A-2C32-4F0B-A01D-7C9C63B661A9}.Release|Any CPU.Build.0 = Release|Any CPU
		{5C5B33E6-5982-4320-B27C-BABF27A122B2}.Debug|Any CPU.ActiveCfg = Debug|Any CPU
		{5C5B33E6-5982-4320-B27C-BABF27A122B2}.Debug|Any CPU.Build.0 = Debug|Any CPU
		{5C5B33E6-5982-4320-B27C-BABF27A122B2}.Release|Any CPU.ActiveCfg = Release|Any CPU
		{5C5B33E6-5982-4320-B27C-BABF27A122B2}.Release|Any CPU.Build.0 = Release|Any CPU
		{60E4326F-4E8D-4852-869E-B106EFA71D5D}.Debug|Any CPU.ActiveCfg = Debug|Any CPU
		{60E4326F-4E8D-4852-869E-B106EFA71D5D}.Debug|Any CPU.Build.0 = Debug|Any CPU
		{60E4326F-4E8D-4852-869E-B106EFA71D5D}.Release|Any CPU.ActiveCfg = Release|Any CPU
		{60E4326F-4E8D-4852-869E-B106EFA71D5D}.Release|Any CPU.Build.0 = Release|Any CPU
		{70029566-B9DB-4D66-A2EA-D0F559123C6B}.Debug|Any CPU.ActiveCfg = Debug|Any CPU
		{70029566-B9DB-4D66-A2EA-D0F559123C6B}.Debug|Any CPU.Build.0 = Debug|Any CPU
		{70029566-B9DB-4D66-A2EA-D0F559123C6B}.Release|Any CPU.ActiveCfg = Release|Any CPU
		{70029566-B9DB-4D66-A2EA-D0F559123C6B}.Release|Any CPU.Build.0 = Release|Any CPU
		{EA38C5EC-7B6E-4028-AB09-62F1C58549A4}.Debug|Any CPU.ActiveCfg = Debug|Any CPU
		{EA38C5EC-7B6E-4028-AB09-62F1C58549A4}.Debug|Any CPU.Build.0 = Debug|Any CPU
		{EA38C5EC-7B6E-4028-AB09-62F1C58549A4}.Release|Any CPU.ActiveCfg = Release|Any CPU
		{EA38C5EC-7B6E-4028-AB09-62F1C58549A4}.Release|Any CPU.Build.0 = Release|Any CPU
		{84295839-7A24-4DF9-97A8-85A7EAF430C5}.Debug|Any CPU.ActiveCfg = Debug|Any CPU
		{84295839-7A24-4DF9-97A8-85A7EAF430C5}.Debug|Any CPU.Build.0 = Debug|Any CPU
		{84295839-7A24-4DF9-97A8-85A7EAF430C5}.Release|Any CPU.ActiveCfg = Release|Any CPU
		{84295839-7A24-4DF9-97A8-85A7EAF430C5}.Release|Any CPU.Build.0 = Release|Any CPU
		{6503D8C2-3593-4BF8-8B60-B294E480CB46}.Debug|Any CPU.ActiveCfg = Debug|Any CPU
		{6503D8C2-3593-4BF8-8B60-B294E480CB46}.Debug|Any CPU.Build.0 = Debug|Any CPU
		{6503D8C2-3593-4BF8-8B60-B294E480CB46}.Release|Any CPU.ActiveCfg = Release|Any CPU
		{6503D8C2-3593-4BF8-8B60-B294E480CB46}.Release|Any CPU.Build.0 = Release|Any CPU
		{3C656C1A-6B2C-465C-919F-6BA53CCBAA8E}.Debug|Any CPU.ActiveCfg = Debug|Any CPU
		{3C656C1A-6B2C-465C-919F-6BA53CCBAA8E}.Debug|Any CPU.Build.0 = Debug|Any CPU
		{3C656C1A-6B2C-465C-919F-6BA53CCBAA8E}.Release|Any CPU.ActiveCfg = Release|Any CPU
		{3C656C1A-6B2C-465C-919F-6BA53CCBAA8E}.Release|Any CPU.Build.0 = Release|Any CPU
		{A909323C-7B2F-4F8E-9F21-EFE9E9B19EE0}.Debug|Any CPU.ActiveCfg = Debug|Any CPU
		{A909323C-7B2F-4F8E-9F21-EFE9E9B19EE0}.Debug|Any CPU.Build.0 = Debug|Any CPU
		{A909323C-7B2F-4F8E-9F21-EFE9E9B19EE0}.Release|Any CPU.ActiveCfg = Release|Any CPU
		{A909323C-7B2F-4F8E-9F21-EFE9E9B19EE0}.Release|Any CPU.Build.0 = Release|Any CPU
		{CECF2785-94B4-49D0-BE13-9167A88A0A6B}.Debug|Any CPU.ActiveCfg = Debug|Any CPU
		{CECF2785-94B4-49D0-BE13-9167A88A0A6B}.Debug|Any CPU.Build.0 = Debug|Any CPU
		{CECF2785-94B4-49D0-BE13-9167A88A0A6B}.Release|Any CPU.ActiveCfg = Release|Any CPU
		{CECF2785-94B4-49D0-BE13-9167A88A0A6B}.Release|Any CPU.Build.0 = Release|Any CPU
		{C91CC097-CAD6-48D7-9F63-66D326FD3C45}.Debug|Any CPU.ActiveCfg = Debug|Any CPU
		{C91CC097-CAD6-48D7-9F63-66D326FD3C45}.Debug|Any CPU.Build.0 = Debug|Any CPU
		{C91CC097-CAD6-48D7-9F63-66D326FD3C45}.Release|Any CPU.ActiveCfg = Release|Any CPU
		{C91CC097-CAD6-48D7-9F63-66D326FD3C45}.Release|Any CPU.Build.0 = Release|Any CPU
	EndGlobalSection
	GlobalSection(SolutionProperties) = preSolution
		HideSolutionNode = FALSE
	EndGlobalSection
	GlobalSection(ExtensibilityGlobals) = postSolution
		SolutionGuid = {ED63A345-C1B5-4749-A345-DDE02FAF0067}
	EndGlobalSection
EndGlobal

Người AE Việt Nam thân mới. Cho mình Spam cái này để nhận ÁO THUN FREE nha. Cảm ơn người AE Việt NAM. SV nghèo :(
