
Microsoft Visual Studio Solution File, Format Version 9.00
# Visual Studio 2005
Project("{FAE04EC0-301F-11D3-BF4B-00C04F79EFBC}") = "NPhoiLSX", "NPhoiLSX.csproj", "{FD46D584-56F0-49B4-881A-24DEDEF317A3}"
EndProject
Project("{FAE04EC0-301F-11D3-BF4B-00C04F79EFBC}") = "CDT", "..\..\..\..\Lap trinh 3\CDT_AChau\CDT.csproj", "{A48C0424-B640-40F9-9F72-9D96667B6160}"
EndProject
Project("{FAE04EC0-301F-11D3-BF4B-00C04F79EFBC}") = "XuLyBGDS", "..\XuLyBGDS\XuLyBGDS.csproj", "{28918CA3-3EB9-4B2C-8593-0532B37744F2}"
EndProject
Global
	GlobalSection(SolutionConfigurationPlatforms) = preSolution
		Debug|Any CPU = Debug|Any CPU
		Release|Any CPU = Release|Any CPU
	EndGlobalSection
	GlobalSection(ProjectConfigurationPlatforms) = postSolution
		{FD46D584-56F0-49B4-881A-24DEDEF317A3}.Debug|Any CPU.ActiveCfg = Debug|Any CPU
		{FD46D584-56F0-49B4-881A-24DEDEF317A3}.Debug|Any CPU.Build.0 = Debug|Any CPU
		{FD46D584-56F0-49B4-881A-24DEDEF317A3}.Release|Any CPU.ActiveCfg = Release|Any CPU
		{FD46D584-56F0-49B4-881A-24DEDEF317A3}.Release|Any CPU.Build.0 = Release|Any CPU
		{A48C0424-B640-40F9-9F72-9D96667B6160}.Debug|Any CPU.ActiveCfg = Debug|Any CPU
		{A48C0424-B640-40F9-9F72-9D96667B6160}.Debug|Any CPU.Build.0 = Debug|Any CPU
		{A48C0424-B640-40F9-9F72-9D96667B6160}.Release|Any CPU.ActiveCfg = Release|Any CPU
		{A48C0424-B640-40F9-9F72-9D96667B6160}.Release|Any CPU.Build.0 = Release|Any CPU
		{28918CA3-3EB9-4B2C-8593-0532B37744F2}.Debug|Any CPU.ActiveCfg = Debug|Any CPU
		{28918CA3-3EB9-4B2C-8593-0532B37744F2}.Debug|Any CPU.Build.0 = Debug|Any CPU
		{28918CA3-3EB9-4B2C-8593-0532B37744F2}.Release|Any CPU.ActiveCfg = Release|Any CPU
		{28918CA3-3EB9-4B2C-8593-0532B37744F2}.Release|Any CPU.Build.0 = Release|Any CPU
	EndGlobalSection
	GlobalSection(SolutionProperties) = preSolution
		HideSolutionNode = FALSE
	EndGlobalSection
EndGlobal
